Microsoft Visual Studio Solution File, Format Version 12.00
# Visual Studio Version 17
VisualStudioVersion = 17.5.2.0
MinimumVisualStudioVersion = 10.0.40219.1
Project("{FAE04EC0-301F-11D3-BF4B-00C04F79EFBC}") = "SecureDbApp", "SecureDbApp.csproj", "{A58624D2-D70F-9981-8F0C-9FCA27B3974A}"
EndProject
Global
	GlobalSection(SolutionConfigurationPlatforms) = preSolution
		Debug|Any CPU = Debug|Any CPU
		Release|Any CPU = Release|Any CPU
	EndGlobalSection
	GlobalSection(ProjectConfigurationPlatforms) = postSolution
		{A58624D2-D70F-9981-8F0C-9FCA27B3974A}.Debug|Any CPU.ActiveCfg = Debug|Any CPU
		{A58624D2-D70F-9981-8F0C-9FCA27B3974A}.Debug|Any CPU.Build.0 = Debug|Any CPU
		{A58624D2-D70F-9981-8F0C-9FCA27B3974A}.Release|Any CPU.ActiveCfg = Release|Any CPU
		{A58624D2-D70F-9981-8F0C-9FCA27B3974A}.Release|Any CPU.Build.0 = Release|Any CPU
	EndGlobalSection
	GlobalSection(SolutionProperties) = preSolution
		HideSolutionNode = FALSE
	EndGlobalSection
	GlobalSection(ExtensibilityGlobals) = postSolution
		SolutionGuid = {C7A2F8CA-17C0-4265-8110-65D283B62E12}
	EndGlobalSection
EndGlobal
